
Microsoft Visual Studio Solution File, Format Version 12.00
# Visual Studio 2012
Project("{2150E333-8FDC-42A3-9474-1A3956D46DE8}") = "Core", "Core", "{C26C6FF6-5237-4C9A-8355-B052E946DF33}"
EndProject
Project("{FAE04EC0-301F-11D3-BF4B-00C04F79EFBC}") = "LiskovsSubstitutionPrinciple.UI", "LiskovsSubstitutionPrinciple.UI\LiskovsSubstitutionPrinciple.UI.csproj", "{01714660-884C-46BC-9516-CE7BF0E943CF}"
EndProject
Project("{FAE04EC0-301F-11D3-BF4B-00C04F79EFBC}") = "LiskovsSubstitutionPrinciple.Better", "LiskovsSubstitutionPrinciple.Better\LiskovsSubstitutionPrinciple.Better.csproj", "{F5F072A6-4405-43F0-ABA7-4E7616DE02B8}"
EndProject
Project("{FAE04EC0-301F-11D3-BF4B-00C04F79EFBC}") = "LiskovsSubstitutionPrinciple.Violations", "LiskovsSubstitutionPrinciple.Violations\LiskovsSubstitutionPrinciple.Violations.csproj", "{B4B8A8C9-E4FD-4A41-A84B-B48F1A762786}"
EndProject
Global
	GlobalSection(TeamFoundationVersionControl) = preSolution
		SccNumberOfProjects = 4
		SccEnterpriseProvider = {4CA58AB2-18FA-4F8D-95D4-32DDF27D184C}
		SccTeamFoundationServer = https://developmentastpz.visualstudio.com/defaultcollection
		SccLocalPath0 = .
		SccProjectUniqueName1 = LiskovsSubstitutionPrinciple.Better\\LiskovsSubstitutionPrinciple.Better.csproj
		SccProjectTopLevelParentUniqueName1 = LiskovsSubstitutionPrinciple.sln
		SccProjectName1 = LiskovsSubstitutionPrinciple.Better
		SccLocalPath1 = LiskovsSubstitutionPrinciple.Better
		SccProjectUniqueName2 = LiskovsSubstitutionPrinciple.UI\\LiskovsSubstitutionPrinciple.UI.csproj
		SccProjectName2 = LiskovsSubstitutionPrinciple.UI
		SccLocalPath2 = LiskovsSubstitutionPrinciple.UI
		SccProjectUniqueName3 = LiskovsSubstitutionPrinciple.Violations\\LiskovsSubstitutionPrinciple.Violations.csproj
		SccProjectTopLevelParentUniqueName3 = LiskovsSubstitutionPrinciple.sln
		SccProjectName3 = LiskovsSubstitutionPrinciple.Violations
		SccLocalPath3 = LiskovsSubstitutionPrinciple.Violations
	EndGlobalSection
	GlobalSection(SolutionConfigurationPlatforms) = preSolution
		Debug|Any CPU = Debug|Any CPU
		Release|Any CPU = Release|Any CPU
	EndGlobalSection
	GlobalSection(ProjectConfigurationPlatforms) = postSolution
		{01714660-884C-46BC-9516-CE7BF0E943CF}.Debug|Any CPU.ActiveCfg = Debug|Any CPU
		{01714660-884C-46BC-9516-CE7BF0E943CF}.Debug|Any CPU.Build.0 = Debug|Any CPU
		{01714660-884C-46BC-9516-CE7BF0E943CF}.Release|Any CPU.ActiveCfg = Release|Any CPU
		{01714660-884C-46BC-9516-CE7BF0E943CF}.Release|Any CPU.Build.0 = Release|Any CPU
		{F5F072A6-4405-43F0-ABA7-4E7616DE02B8}.Debug|Any CPU.ActiveCfg = Debug|Any CPU
		{F5F072A6-4405-43F0-ABA7-4E7616DE02B8}.Debug|Any CPU.Build.0 = Debug|Any CPU
		{F5F072A6-4405-43F0-ABA7-4E7616DE02B8}.Release|Any CPU.ActiveCfg = Release|Any CPU
		{F5F072A6-4405-43F0-ABA7-4E7616DE02B8}.Release|Any CPU.Build.0 = Release|Any CPU
		{B4B8A8C9-E4FD-4A41-A84B-B48F1A762786}.Debug|Any CPU.ActiveCfg = Debug|Any CPU
		{B4B8A8C9-E4FD-4A41-A84B-B48F1A762786}.Debug|Any CPU.Build.0 = Debug|Any CPU
		{B4B8A8C9-E4FD-4A41-A84B-B48F1A762786}.Release|Any CPU.ActiveCfg = Release|Any CPU
		{B4B8A8C9-E4FD-4A41-A84B-B48F1A762786}.Release|Any CPU.Build.0 = Release|Any CPU
	EndGlobalSection
	GlobalSection(SolutionProperties) = preSolution
		HideSolutionNode = FALSE
	EndGlobalSection
	GlobalSection(NestedProjects) = preSolution
		{F5F072A6-4405-43F0-ABA7-4E7616DE02B8} = {C26C6FF6-5237-4C9A-8355-B052E946DF33}
		{B4B8A8C9-E4FD-4A41-A84B-B48F1A762786} = {C26C6FF6-5237-4C9A-8355-B052E946DF33}
	EndGlobalSection
EndGlobal
